Microsoft Visual Studio Solution File, Format Version 12.00
# Visual Studio Version 17
VisualStudioVersion = 17.0.31717.71
MinimumVisualStudioVersion = 10.0.40219.1
Project("{9A19103F-16F7-4668-BE54-9A1E7A4F7556}") = "MudBlazorUI", "MudBlazorUI.csproj", "{FE6CFF61-AF7B-4DCE-937A-A6EBF2536314}"
EndProject
Global
	GlobalSection(SolutionConfigurationPlatforms) = preSolution
		Debug|Any CPU = Debug|Any CPU
		Release|Any CPU = Release|Any CPU
	EndGlobalSection
	GlobalSection(ProjectConfigurationPlatforms) = postSolution
		{FE6CFF61-AF7B-4DCE-937A-A6EBF2536314}.Debug|Any CPU.ActiveCfg = Debug|Any CPU
		{FE6CFF61-AF7B-4DCE-937A-A6EBF2536314}.Debug|Any CPU.Build.0 = Debug|Any CPU
		{FE6CFF61-AF7B-4DCE-937A-A6EBF2536314}.Release|Any CPU.ActiveCfg = Release|Any CPU
		{FE6CFF61-AF7B-4DCE-937A-A6EBF2536314}.Release|Any CPU.Build.0 = Release|Any CPU
	EndGlobalSection
	GlobalSection(SolutionProperties) = preSolution
		HideSolutionNode = FALSE
	EndGlobalSection
	GlobalSection(ExtensibilityGlobals) = postSolution
		SolutionGuid = {BAD82273-CAF7-4E28-9745-989AA9576FD2}
	EndGlobalSection
EndGlobal
